
Microsoft Visual Studio Solution File, Format Version 12.00
# Visual Studio Version 17
VisualStudioVersion = 17.14.36623.8 d17.14
MinimumVisualStudioVersion = 10.0.40219.1
Project("{FAE04EC0-301F-11D3-BF4B-00C04F79EFBC}") = "Programa con Expresiones Lambda", "Programa con Expresiones Lambda\Programa con Expresiones Lambda.csproj", "{6350DA1F-2B1E-40A4-8D0F-D4D23F51F4CD}"
EndProject
Global
	GlobalSection(SolutionConfigurationPlatforms) = preSolution
		Debug|Any CPU = Debug|Any CPU
		Release|Any CPU = Release|Any CPU
	EndGlobalSection
	GlobalSection(ProjectConfigurationPlatforms) = postSolution
		{6350DA1F-2B1E-40A4-8D0F-D4D23F51F4CD}.Debug|Any CPU.ActiveCfg = Debug|Any CPU
		{6350DA1F-2B1E-40A4-8D0F-D4D23F51F4CD}.Debug|Any CPU.Build.0 = Debug|Any CPU
		{6350DA1F-2B1E-40A4-8D0F-D4D23F51F4CD}.Release|Any CPU.ActiveCfg = Release|Any CPU
		{6350DA1F-2B1E-40A4-8D0F-D4D23F51F4CD}.Release|Any CPU.Build.0 = Release|Any CPU
	EndGlobalSection
	GlobalSection(SolutionProperties) = preSolution
		HideSolutionNode = FALSE
	EndGlobalSection
	GlobalSection(ExtensibilityGlobals) = postSolution
		SolutionGuid = {670CE2E2-2F7E-4297-86D4-0A59F0E86DE8}
	EndGlobalSection
EndGlobal
